
Microsoft Visual Studio Solution File, Format Version 12.00
# Visual Studio Version 16
VisualStudioVersion = 16.0.32428.217
MinimumVisualStudioVersion = 10.0.40219.1
Project("{FAE04EC0-301F-11D3-BF4B-00C04F79EFBC}") = "pogodachortova3.0", "pogodachortova3.0.csproj", "{13B7D30B-E80E-4F39-B194-709DD33C2206}"
EndProject
Global
	GlobalSection(SolutionConfigurationPlatforms) = preSolution
		Debug|Any CPU = Debug|Any CPU
		Release|Any CPU = Release|Any CPU
	EndGlobalSection
	GlobalSection(ProjectConfigurationPlatforms) = postSolution
		{13B7D30B-E80E-4F39-B194-709DD33C2206}.Debug|Any CPU.ActiveCfg = Debug|Any CPU
		{13B7D30B-E80E-4F39-B194-709DD33C2206}.Debug|Any CPU.Build.0 = Debug|Any CPU
		{13B7D30B-E80E-4F39-B194-709DD33C2206}.Release|Any CPU.ActiveCfg = Release|Any CPU
		{13B7D30B-E80E-4F39-B194-709DD33C2206}.Release|Any CPU.Build.0 = Release|Any CPU
	EndGlobalSection
	GlobalSection(SolutionProperties) = preSolution
		HideSolutionNode = FALSE
	EndGlobalSection
	GlobalSection(ExtensibilityGlobals) = postSolution
		SolutionGuid = {ED840333-2600-43A7-9EB1-B099D379EBB5}
	EndGlobalSection
EndGlobal
